
Microsoft Visual Studio Solution File, Format Version 12.00
# Visual Studio Version 17
VisualStudioVersion = 17.2.32616.157
MinimumVisualStudioVersion = 10.0.40219.1
Project("{FAE04EC0-301F-11D3-BF4B-00C04F79EFBC}") = "save", "save\save.csproj", "{198B5020-27CB-4FB9-9162-A48684C3AD1E}"
EndProject
Global
	GlobalSection(SolutionConfigurationPlatforms) = preSolution
		Debug|Any CPU = Debug|Any CPU
		Release|Any CPU = Release|Any CPU
	EndGlobalSection
	GlobalSection(ProjectConfigurationPlatforms) = postSolution
		{198B5020-27CB-4FB9-9162-A48684C3AD1E}.Debug|Any CPU.ActiveCfg = Debug|Any CPU
		{198B5020-27CB-4FB9-9162-A48684C3AD1E}.Debug|Any CPU.Build.0 = Debug|Any CPU
		{198B5020-27CB-4FB9-9162-A48684C3AD1E}.Release|Any CPU.ActiveCfg = Release|Any CPU
		{198B5020-27CB-4FB9-9162-A48684C3AD1E}.Release|Any CPU.Build.0 = Release|Any CPU
	EndGlobalSection
	GlobalSection(SolutionProperties) = preSolution
		HideSolutionNode = FALSE
	EndGlobalSection
	GlobalSection(ExtensibilityGlobals) = postSolution
		SolutionGuid = {08477075-CCBA-46C1-AD20-A2DEBFB8C0CC}
	EndGlobalSection
EndGlobal
